{
  "version": 4,
  "terraform_version": "1.6.1",
  "serial": 5,
  "lineage": "2efdbf04-3859-d57e-1ce7-5cab917d8d13",
  "outputs": {},
  "resources": [
    {
      "mode": "managed",
      "type": "google_sql_database",
      "name": "database-from-tf",
      "provider": "provider[\"registry.terraform.io/hashicorp/google\"]",
      "instances": [
        {
          "schema_version": 0,
          "attributes": {
            "charset": "utf8mb4",
            "collation": "utf8mb4_0900_ai_ci",
            "deletion_policy": "DELETE",
            "id": "projects/steam-circlet-355619/instances/mysql-from-terraform/databases/my-database-from-tf",
            "instance": "mysql-from-terraform",
            "name": "my-database-from-tf",
            "project": "steam-circlet-355619",
            "self_link": "https://sqladmin.googleapis.com/sql/v1beta4/projects/steam-circlet-355619/instances/mysql-from-terraform/databases/my-database-from-tf",
            "timeouts": null
          },
          "sensitive_attributes": [],
          "private": "eyJlMmJmYjczMC1lY2FhLTExZTYtOGY4OC0zNDM2M2JjN2M0YzAiOnsiY3JlYXRlIjoxMjAwMDAwMDAwMDAwLCJkZWxldGUiOjEyMDAwMDAwMDAwMDAsInVwZGF0ZSI6MTIwMDAwMDAwMDAwMH19",
          "dependencies": [
            "google_sql_database_instance.mysql-from-terraform"
          ]
        }
      ]
    },
    {
      "mode": "managed",
      "type": "google_sql_database_instance",
      "name": "mysql-from-terraform",
      "provider": "provider[\"registry.terraform.io/hashicorp/google\"]",
      "instances": [
        {
          "schema_version": 0,
          "attributes": {
            "available_maintenance_versions": [],
            "clone": [],
            "connection_name": "steam-circlet-355619:us-central1:mysql-from-terraform",
            "database_version": "MYSQL_8_0",
            "deletion_protection": false,
            "dns_name": "",
            "encryption_key_name": null,
            "first_ip_address": "34.28.63.150",
            "id": "mysql-from-terraform",
            "instance_type": "CLOUD_SQL_INSTANCE",
            "ip_address": [
              {
                "ip_address": "34.28.63.150",
                "time_to_retire": "",
                "type": "PRIMARY"
              }
            ],
            "maintenance_version": "MYSQL_8_0_31.R20230909.02_00",
            "master_instance_name": "",
            "name": "mysql-from-terraform",
            "private_ip_address": "",
            "project": "steam-circlet-355619",
            "psc_service_attachment_link": "",
            "public_ip_address": "34.28.63.150",
            "region": "us-central1",
            "replica_configuration": [],
            "restore_backup_context": [],
            "root_password": null,
            "self_link": "https://sqladmin.googleapis.com/sql/v1beta4/projects/steam-circlet-355619/instances/mysql-from-terraform",
            "server_ca_cert": [
              {
                "cert": "-----BEGIN CERTIFICATE-----\nMIIDfzCCAmegAwIBAgIBADANBgkqhkiG9w0BAQsFADB3MS0wKwYDVQQuEyQzNDIx\nMGEyZS05ZDljLTRiM2EtOWZiNS0zNDNjN2ZlMTkxYzUxIzAhBgNVBAMTGkdvb2ds\nZSBDbG91ZCBTUUwgU2VydmVyIENBMRQwEgYDVQQKEwtHb29nbGUsIEluYzELMAkG\nA1UEBhMCVVMwHhcNMjMxMDE4MDUyOTE0WhcNMzMxMDE1MDUzMDE0WjB3MS0wKwYD\nVQQuEyQzNDIxMGEyZS05ZDljLTRiM2EtOWZiNS0zNDNjN2ZlMTkxYzUxIzAhBgNV\nBAMTGkdvb2dsZSBDbG91ZCBTUUwgU2VydmVyIENBMRQwEgYDVQQKEwtHb29nbGUs\nIEluYzELMAkGA1UEBhMCVVMwggEiMA0GCSqGSIb3DQEBAQUAA4IBDwAwggEKAoIB\nAQCPA5jfB2b0fenhKeR/qLnxJcBd2XCXcyJYIaXcYpb2xNIgLgXp2b13oDXDmJjO\nKjZwOxnt2hucEku8xzvuNJ+i61T6TKf+3+cFNDsYEB65Gqy9oESqwFC3ckNnGk9a\n8YPt1ZbmfX2HP4g+h0db9A4Yw+0cyXoXqm54/SLsYF6sSykA4oCZe47pFF7R3xnV\nI2d3/s9FW676aDXGfJU3/7A8J+ovR3M1WUECspyzdKHMvg3IJS5irj9O3ZVt7n3L\nzS4ayHZ2VBPUoQF3rBaIEuRecM02czUKVDFXZEBKQzwInudW3FOEY7gMWzm5tQe7\nUJl7W4JI3m+aKYWvNwFk/HhjAgMBAAGjFjAUMBIGA1UdEwEB/wQIMAYBAf8CAQAw\nDQYJKoZIhvcNAQELBQADggEBAAYVoJqbfMjUkQD3FtbvA9jgRLSM8uZo39822nPQ\nofV8NzztjaCLTyDeuZ4d6aRVGf0xLPgkmgxbIqqfaqkGCzisO2qjLNhmc2ZPdFKg\nmbSr/zj1mea2Dt+BwCyqEEyOTt0umqoV/aqOK6cOl2dbtummkuyH6du3BzjF1U7k\n95SeZTCZpDQtubFNMxJXX9wIY9IPPD3pbXmVbFMLsPcLCWBGUQ3s4EG01t7Erzsc\nUahVUM8xlK0aX/ZLmwSKkJNizleOoHWi0lHPyZUsAeJH2hUY/beznUX68eGxq1dX\nbsYJQsIBX48huFkVfUNRkwQKR7YsvOPdF0zFTIir+v+e0nI=\n-----END CERTIFICATE-----",
                "common_name": "C=US,O=Google\\, Inc,CN=Google Cloud SQL Server CA,dnQualifier=34210a2e-9d9c-4b3a-9fb5-343c7fe191c5",
                "create_time": "2023-10-18T05:29:14.766Z",
                "expiration_time": "2033-10-15T05:30:14.766Z",
                "sha1_fingerprint": "f18e3b05e148927151c06bffac83f6430c978726"
              }
            ],
            "service_account_email_address": "p637507386420-yz7pi9@gcp-sa-cloud-sql.iam.gserviceaccount.com",
            "settings": [
              {
                "activation_policy": "ALWAYS",
                "active_directory_config": [],
                "advanced_machine_features": [],
                "availability_type": "ZONAL",
                "backup_configuration": [
                  {
                    "backup_retention_settings": [
                      {
                        "retained_backups": 7,
                        "retention_unit": "COUNT"
                      }
                    ],
                    "binary_log_enabled": false,
                    "enabled": false,
                    "location": "",
                    "point_in_time_recovery_enabled": false,
                    "start_time": "10:00",
                    "transaction_log_retention_days": 7
                  }
                ],
                "collation": "",
                "connector_enforcement": "NOT_REQUIRED",
                "data_cache_config": [],
                "database_flags": [],
                "deletion_protection_enabled": false,
                "deny_maintenance_period": [],
                "disk_autoresize": true,
                "disk_autoresize_limit": 0,
                "disk_size": 10,
                "disk_type": "PD_SSD",
                "edition": "",
                "insights_config": [],
                "ip_configuration": [
                  {
                    "allocated_ip_range": "",
                    "authorized_networks": [],
                    "enable_private_path_for_google_cloud_services": false,
                    "ipv4_enabled": true,
                    "private_network": "",
                    "psc_config": [],
                    "require_ssl": false
                  }
                ],
                "location_preference": [
                  {
                    "follow_gae_application": "",
                    "secondary_zone": "",
                    "zone": "us-central1-b"
                  }
                ],
                "maintenance_window": [],
                "password_validation_policy": [],
                "pricing_plan": "PER_USE",
                "sql_server_audit_config": [],
                "tier": "db-f1-micro",
                "time_zone": "",
                "user_labels": {},
                "version": 1
              }
            ],
            "timeouts": null
          },
          "sensitive_attributes": [],
          "private": "eyJlMmJmYjczMC1lY2FhLTExZTYtOGY4OC0zNDM2M2JjN2M0YzAiOnsiY3JlYXRlIjoyNDAwMDAwMDAwMDAwLCJkZWxldGUiOjE4MDAwMDAwMDAwMDAsInVwZGF0ZSI6MTgwMDAwMDAwMDAwMH19"
        }
      ]
    },
    {
      "mode": "managed",
      "type": "google_sql_user",
      "name": "myuser",
      "provider": "provider[\"registry.terraform.io/hashicorp/google\"]",
      "instances": [
        {
          "schema_version": 1,
          "attributes": {
            "deletion_policy": null,
            "host": "",
            "id": "simpledevops//mysql-from-terraform",
            "instance": "mysql-from-terraform",
            "name": "simpledevops",
            "password": "simpledevops",
            "password_policy": [],
            "project": "steam-circlet-355619",
            "sql_server_user_details": [],
            "timeouts": null,
            "type": ""
          },
          "sensitive_attributes": [],
          "private": "eyJlMmJmYjczMC1lY2FhLTExZTYtOGY4OC0zNDM2M2JjN2M0YzAiOnsiY3JlYXRlIjo2MDAwMDAwMDAwMDAsImRlbGV0ZSI6NjAwMDAwMDAwMDAwLCJ1cGRhdGUiOjYwMDAwMDAwMDAwMH0sInNjaGVtYV92ZXJzaW9uIjoiMSJ9",
          "dependencies": [
            "google_sql_database_instance.mysql-from-terraform"
          ]
        }
      ]
    }
  ],
  "check_results": null
}
